// !$*UTF8*$!
{
	archiveVersion = 1;
	classes = {
	};
	objectVersion = 46;
	objects = {

/* Begin PBXBuildFile section */
		34F901EE1B4302A3000A7051 /* AppDelegate.swift in Sources */ = {isa = PBXBuildFile; fileRef = 34F901ED1B4302A3000A7051 /* AppDelegate.swift */; };
		34F901F01B4302A3000A7051 /* ViewController.swift in Sources */ = {isa = PBXBuildFile; fileRef = 34F901EF1B4302A3000A7051 /* ViewController.swift */; };
		34F901F31B4302A3000A7051 /* Main.storyboard in Resources */ = {isa = PBXBuildFile; fileRef = 34F901F11B4302A3000A7051 /* Main.storyboard */; };
		34F901F51B4302A3000A7051 /* Images.xcassets in Resources */ = {isa = PBXBuildFile; fileRef = 34F901F41B4302A3000A7051 /* Images.xcassets */; };
		34F901F81B4302A3000A7051 /* LaunchScreen.xib in Resources */ = {isa = PBXBuildFile; fileRef = 34F901F61B4302A3000A7051 /* LaunchScreen.xib */; };
		34F902041B4302A3000A7051 /* LemonStandsTests.swift in Sources */ = {isa = PBXBuildFile; fileRef = 34F902031B4302A3000A7051 /* LemonStandsTests.swift */; };
/* End PBXBuildFile section */

/* Begin PBXContainerItemProxy section */
		34F901FE1B4302A3000A7051 /* PBXContainerItemProxy */ = {
			isa = PBXContainerItemProxy;
			containerPortal = 34F901E01B4302A3000A7051 /* Project object */;
			proxyType = 1;
			remoteGlobalIDString = 34F901E71B4302A3000A7051;
			remoteInfo = LemonStands;
		};
/* End PBXContainerItemProxy section */

/* Begin PBXFileReference section */
		34F901E81B4302A3000A7051 /* LemonStands.app */ = {isa = PBXFileReference; explicitFileType = wrapper.application; includeInIndex = 0; path = LemonStands.app; sourceTree = BUILT_PRODUCTS_DIR; };
		34F901EC1B4302A3000A7051 /* Info.plist */ = {isa = PBXFileReference; lastKnownFileType = text.plist.xml; path = Info.plist; sourceTree = "<group>"; };
		34F901ED1B4302A3000A7051 /* AppDelegate.swift */ = {isa = PBXFileReference; lastKnownFileType = sourcecode.swift; path = AppDelegate.swift; sourceTree = "<group>"; };
		34F901EF1B4302A3000A7051 /* ViewController.swift */ = {isa = PBXFileReference; lastKnownFileType = sourcecode.swift; path = ViewController.swift; sourceTree = "<group>"; };
		34F901F21B4302A3000A7051 /* Base */ = {isa = PBXFileReference; lastKnownFileType = file.storyboard; name = Base; path = Base.lproj/Main.storyboard; sourceTree = "<group>"; };
		34F901F41B4302A3000A7051 /* Images.xcassets */ = {isa = PBXFileReference; lastKnownFileType = folder.assetcatalog; path = Images.xcassets; sourceTree = "<group>"; };
		34F901F71B4302A3000A7051 /* Base */ = {isa = PBXFileReference; lastKnownFileType = file.xib; name = Base; path = Base.lproj/LaunchScreen.xib; sourceTree = "<group>"; };
		34F901FD1B4302A3000A7051 /* LemonStandsTests.xctest */ = {isa = PBXFileReference; explicitFileType = wrapper.cfbundle; includeInIndex = 0; path = LemonStandsTests.xctest; sourceTree = BUILT_PRODUCTS_DIR; };
		34F902021B4302A3000A7051 /* Info.plist */ = {isa = PBXFileReference; lastKnownFileType = text.plist.xml; path = Info.plist; sourceTree = "<group>"; };
		34F902031B4302A3000A7051 /* LemonStandsTests.swift */ = {isa = PBXFileReference; lastKnownFileType = sourcecode.swift; path = LemonStandsTests.swift; sourceTree = "<group>"; };
/* End PBXFileReference section */

/* Begin PBXFrameworksBuildPhase section */
		34F901E51B4302A3000A7051 /* Frameworks */ = {
			isa = PBXFrameworksBuildPhase;
			buildActionMask = 2147483647;
			files = (
			);
			runOnlyForDeploymentPostprocessing = 0;
		};
		34F901FA1B4302A3000A7051 /* Frameworks */ = {
			isa = PBXFrameworksBuildPhase;
			buildActionMask = 2147483647;
			files = (
			);
			runOnlyForDeploymentPostprocessing = 0;
		};
/* End PBXFrameworksBuildPhase section */

/* Begin PBXGroup section */
		34F901DF1B4302A3000A7051 = {
			isa = PBXGroup;
			children = (
				34F901EA1B4302A3000A7051 /* LemonStands */,
				34F902001B4302A3000A7051 /* LemonStandsTests */,
				34F901E91B4302A3000A7051 /* Products */,
			);
			sourceTree = "<group>";
		};
		34F901E91B4302A3000A7051 /* Products */ = {
			isa = PBXGroup;
			children = (
				34F901E81B4302A3000A7051 /* LemonStands.app */,
				34F901FD1B4302A3000A7051 /* LemonStandsTests.xctest */,
			);
			name = Products;
			sourceTree = "<group>";
		};
		34F901EA1B4302A3000A7051 /* LemonStands */ = {
			isa = PBXGroup;
			children = (
				34F901ED1B4302A3000A7051 /* AppDelegate.swift */,
				34F901EF1B4302A3000A7051 /* ViewController.swift */,
				34F901F11B4302A3000A7051 /* Main.storyboard */,
				34F901F41B4302A3000A7051 /* Images.xcassets */,
				34F901F61B4302A3000A7051 /* LaunchScreen.xib */,
				34F901EB1B4302A3000A7051 /* Supporting Files */,
			);
			path = LemonStands;
			sourceTree = "<group>";
		};
		34F901EB1B4302A3000A7051 /* Supporting Files */ = {
			isa = PBXGroup;
			children = (
				34F901EC1B4302A3000A7051 /* Info.plist */,
			);
			name = "Supporting Files";
			sourceTree = "<group>";
		};
		34F902001B4302A3000A7051 /* LemonStandsTests */ = {
			isa = PBXGroup;
			children = (
				34F902031B4302A3000A7051 /* LemonStandsTests.swift */,
				34F902011B4302A3000A7051 /* Supporting Files */,
			);
			path = LemonStandsTests;
			sourceTree = "<group>";
		};
		34F902011B4302A3000A7051 /* Supporting Files */ = {
			isa = PBXGroup;
			children = (
				34F902021B4302A3000A7051 /* Info.plist */,
			);
			name = "Supporting Files";
			sourceTree = "<group>";
		};
/* End PBXGroup section */

/* Begin PBXNativeTarget section */
		34F901E71B4302A3000A7051 /* LemonStands */ = {
			isa = PBXNativeTarget;
			buildConfigurationList = 34F902071B4302A3000A7051 /* Build configuration list for PBXNativeTarget "LemonStands" */;
			buildPhases = (
				34F901E41B4302A3000A7051 /* Sources */,
				34F901E51B4302A3000A7051 /* Frameworks */,
				34F901E61B4302A3000A7051 /* Resources */,
			);
			buildRules = (
			);
			dependencies = (
			);
			name = LemonStands;
			productName = LemonStands;
			productReference = 34F901E81B4302A3000A7051 /* LemonStands.app */;
			productType = "com.apple.product-type.application";
		};
		34F901FC1B4302A3000A7051 /* LemonStandsTests */ = {
			isa = PBXNativeTarget;
			buildConfigurationList = 34F9020A1B4302A3000A7051 /* Build configuration list for PBXNativeTarget "LemonStandsTests" */;
			buildPhases = (
				34F901F91B4302A3000A7051 /* Sources */,
				34F901FA1B4302A3000A7051 /* Frameworks */,
				34F901FB1B4302A3000A7051 /* Resources */,
			);
			buildRules = (
			);
			dependencies = (
				34F901FF1B4302A3000A7051 /* PBXTargetDependency */,
			);
			name = LemonStandsTests;
			productName = LemonStandsTests;
			productReference = 34F901FD1B4302A3000A7051 /* LemonStandsTests.xctest */;
			productType = "com.apple.product-type.bundle.unit-test";
		};
/* End PBXNativeTarget section */

/* Begin PBXProject section */
		34F901E01B4302A3000A7051 /* Project object */ = {
			isa = PBXProject;
			attributes = {
				LastUpgradeCheck = 0630;
				ORGANIZATIONNAME = lapacino;
				TargetAttributes = {
					34F901E71B4302A3000A7051 = {
						CreatedOnToolsVersion = 6.3;
					};
					34F901FC1B4302A3000A7051 = {
						CreatedOnToolsVersion = 6.3;
						TestTargetID = 34F901E71B4302A3000A7051;
					};
				};
			};
			buildConfigurationList = 34F901E31B4302A3000A7051 /* Build configuration list for PBXProject "LemonStands" */;
			compatibilityVersion = "Xcode 3.2";
			developmentRegion = English;
			hasScannedForEncodings = 0;
			knownRegions = (
				en,
				Base,
			);
			mainGroup = 34F901DF1B4302A3000A7051;
			productRefGroup = 34F901E91B4302A3000A7051 /* Products */;
			projectDirPath = "";
			projectRoot = "";
			targets = (
				34F901E71B4302A3000A7051 /* LemonStands */,
				34F901FC1B4302A3000A7051 /* LemonStandsTests */,
			);
		};
/* End PBXProject section */

/* Begin PBXResourcesBuildPhase section */
		34F901E61B4302A3000A7051 /* Resources */ = {
			isa = PBXResourcesBuildPhase;
			buildActionMask = 2147483647;
			files = (
				34F901F31B4302A3000A7051 /* Main.storyboard in Resources */,
				34F901F81B4302A3000A7051 /* LaunchScreen.xib in Resources */,
				34F901F51B4302A3000A7051 /* Images.xcassets in Resources */,
			);
			runOnlyForDeploymentPostprocessing = 0;
		};
		34F901FB1B4302A3000A7051 /* Resources */ = {
			isa = PBXResourcesBuildPhase;
			buildActionMask = 2147483647;
			files = (
			);
			runOnlyForDeploymentPostprocessing = 0;
		};
/* End PBXResourcesBuildPhase section */

/* Begin PBXSourcesBuildPhase section */
		34F901E41B4302A3000A7051 /* Sources */ = {
			isa = PBXSourcesBuildPhase;
			buildActionMask = 2147483647;
			files = (
				34F901F01B4302A3000A7051 /* ViewController.swift in Sources */,
				34F901EE1B4302A3000A7051 /* AppDelegate.swift in Sources */,
			);
			runOnlyForDeploymentPostprocessing = 0;
		};
		34F901F91B4302A3000A7051 /* Sources */ = {
			isa = PBXSourcesBuildPhase;
			buildActionMask = 2147483647;
			files = (
				34F902041B4302A3000A7051 /* LemonStandsTests.swift in Sources */,
			);
			runOnlyForDeploymentPostprocessing = 0;
		};
/* End PBXSourcesBuildPhase section */

/* Begin PBXTargetDependency section */
		34F901FF1B4302A3000A7051 /* PBXTargetDependency */ = {
			isa = PBXTargetDependency;
			target = 34F901E71B4302A3000A7051 /* LemonStands */;
			targetProxy = 34F901FE1B4302A3000A7051 /* PBXContainerItemProxy */;
		};
/* End PBXTargetDependency section */

/* Begin PBXVariantGroup section */
		34F901F11B4302A3000A7051 /* Main.storyboard */ = {
			isa = PBXVariantGroup;
			children = (
				34F901F21B4302A3000A7051 /* Base */,
			);
			name = Main.storyboard;
			sourceTree = "<group>";
		};
		34F901F61B4302A3000A7051 /* LaunchScreen.xib */ = {
			isa = PBXVariantGroup;
			children = (
				34F901F71B4302A3000A7051 /* Base */,
			);
			name = LaunchScreen.xib;
			sourceTree = "<group>";
		};
/* End PBXVariantGroup section */

/* Begin XCBuildConfiguration section */
		34F902051B4302A3000A7051 /* Debug */ = {
			isa = XCBuildConfiguration;
			buildSettings = {
				ALWAYS_SEARCH_USER_PATHS = NO;
				CLANG_CXX_LANGUAGE_STANDARD = "gnu++0x";
				CLANG_CXX_LIBRARY = "libc++";
				CLANG_ENABLE_MODULES = YES;
				CLANG_ENABLE_OBJC_ARC = YES;
				CLANG_WARN_BOOL_CONVERSION = YES;
				CLANG_WARN_CONSTANT_CONVERSION = YES;
				CLANG_WARN_DIRECT_OBJC_ISA_USAGE = YES_ERROR;
				CLANG_WARN_EMPTY_BODY = YES;
				CLANG_WARN_ENUM_CONVERSION = YES;
				CLANG_WARN_INT_CONVERSION = YES;
				CLANG_WARN_OBJC_ROOT_CLASS = YES_ERROR;
				CLANG_WARN_UNREACHABLE_CODE = YES;
				CLANG_WARN__DUPLICATE_METHOD_MATCH = YES;
				"CODE_SIGN_IDENTITY[sdk=iphoneos*]" = "iPhone Developer";
				COPY_PHASE_STRIP = NO;
				DEBUG_INFORMATION_FORMAT = "dwarf-with-dsym";
				ENABLE_STRICT_OBJC_MSGSEND = YES;
				GCC_C_LANGUAGE_STANDARD = gnu99;
				GCC_DYNAMIC_NO_PIC = NO;
				GCC_NO_COMMON_BLOCKS = YES;
				GCC_OPTIMIZATION_LEVEL = 0;
				GCC_PREPROCESSOR_DEFINITIONS = (
					"DEBUG=1",
					"$(inherited)",
				);
				GCC_SYMBOLS_PRIVATE_EXTERN = NO;
				GCC_WARN_64_TO_32_BIT_CONVERSION = YES;
				GCC_WARN_ABOUT_RETURN_TYPE = YES_ERROR;
				GCC_WARN_UNDECLARED_SELECTOR = YES;
				GCC_WARN_UNINITIALIZED_AUTOS = YES_AGGRESSIVE;
				GCC_WARN_UNUSED_FUNCTION = YES;
				GCC_WARN_UNUSED_VARIABLE = YES;
				IPHONEOS_DEPLOYMENT_TARGET = 8.3;
				MTL_ENABLE_DEBUG_INFO = YES;
				ONLY_ACTIVE_ARCH = YES;
				SDKROOT = iphoneos;
				SWIFT_OPTIMIZATION_LEVEL = "-Onone";
			};
			name = Debug;
		};
		34F902061B4302A3000A7051 /* Release */ = {
			isa = XCBuildConfiguration;
			buildSettings = {
				ALWAYS_SEARCH_USER_PATHS = NO;
				CLANG_CXX_LANGUAGE_STANDARD = "gnu++0x";
				CLANG_CXX_LIBRARY = "libc++";
				CLANG_ENABLE_MODULES = YES;
				CLANG_ENABLE_OBJC_ARC = YES;
				CLANG_WARN_BOOL_CONVERSION = YES;
				CLANG_WARN_CONSTANT_CONVERSION = YES;
				CLANG_WARN_DIRECT_OBJC_ISA_USAGE = YES_ERROR;
				CLANG_WARN_EMPTY_BODY = YES;
				CLANG_WARN_ENUM_CONVERSION = YES;
				CLANG_WARN_INT_CONVERSION = YES;
				CLANG_WARN_OBJC_ROOT_CLASS = YES_ERROR;
				CLANG_WARN_UNREACHABLE_CODE = YES;
				CLANG_WARN__DUPLICATE_METHOD_MATCH = YES;
				"CODE_SIGN_IDENTITY[sdk=iphoneos*]" = "iPhone Developer";
				COPY_PHASE_STRIP = NO;
				DEBUG_INFORMATION_FORMAT = "dwarf-with-dsym";
				ENABLE_NS_ASSERTIONS = NO;
				ENABLE_STRICT_OBJC_MSGSEND = YES;
				GCC_C_LANGUAGE_STANDARD = gnu99;
				GCC_NO_COMMON_BLOCKS = YES;
				GCC_WARN_64_TO_32_BIT_CONVERSION = YES;
				GCC_WARN_ABOUT_RETURN_TYPE = YES_ERROR;
				GCC_WARN_UNDECLARED_SELECTOR = YES;
				GCC_WARN_UNINITIALIZED_AUTOS = YES_AGGRESSIVE;
				GCC_WARN_UNUSED_FUNCTION = YES;
				GCC_WARN_UNUSED_VARIABLE = YES;
				IPHONEOS_DEPLOYMENT_TARGET = 8.3;
				MTL_ENABLE_DEBUG_INFO = NO;
				SDKROOT = iphoneos;
				VALIDATE_PRODUCT = YES;
			};
			name = Release;
		};
		34F902081B4302A3000A7051 /* Debug */ = {
			isa = XCBuildConfiguration;
			buildSettings = {
				ASSETCATALOG_COMPILER_APPICON_NAME = AppIcon;
				INFOPLIST_FILE = LemonStands/Info.plist;
				LD_RUNPATH_SEARCH_PATHS = "$(inherited) @executable_path/Frameworks";
				PRODUCT_NAME = "$(TARGET_NAME)";
			};
			name = Debug;
		};
		34F902091B4302A3000A7051 /* Release */ = {
			isa = XCBuildConfiguration;
			buildSettings = {
				ASSETCATALOG_COMPILER_APPICON_NAME = AppIcon;
				INFOPLIST_FILE = LemonStands/Info.plist;
				LD_RUNPATH_SEARCH_PATHS = "$(inherited) @executable_path/Frameworks";
				PRODUCT_NAME = "$(TARGET_NAME)";
			};
			name = Release;
		};
		34F9020B1B4302A3000A7051 /* Debug */ = {
			isa = XCBuildConfiguration;
			buildSettings = {
				BUNDLE_LOADER = "$(TEST_HOST)";
				FRAMEWORK_SEARCH_PATHS = (
					"$(SDKROOT)/Developer/Library/Frameworks",
					"$(inherited)",
				);
				GCC_PREPROCESSOR_DEFINITIONS = (
					"DEBUG=1",
					"$(inherited)",
				);
				INFOPLIST_FILE = LemonStandsTests/Info.plist;
				LD_RUNPATH_SEARCH_PATHS = "$(inherited) @executable_path/Frameworks @loader_path/Frameworks";
				PRODUCT_NAME = "$(TARGET_NAME)";
				TEST_HOST = "$(BUILT_PRODUCTS_DIR)/LemonStands.app/LemonStands";
			};
			name = Debug;
		};
		34F9020C1B4302A3000A7051 /* Release */ = {
			isa = XCBuildConfiguration;
			buildSettings = {
				BUNDLE_LOADER = "$(TEST_HOST)";
				FRAMEWORK_SEARCH_PATHS = (
					"$(SDKROOT)/Developer/Library/Frameworks",
					"$(inherited)",
				);
				INFOPLIST_FILE = LemonStandsTests/Info.plist;
				LD_RUNPATH_SEARCH_PATHS = "$(inherited) @executable_path/Frameworks @loader_path/Frameworks";
				PRODUCT_NAME = "$(TARGET_NAME)";
				TEST_HOST = "$(BUILT_PRODUCTS_DIR)/LemonStands.app/LemonStands";
			};
			name = Release;
		};
/* End XCBuildConfiguration section */

/* Begin XCConfigurationList section */
		34F901E31B4302A3000A7051 /* Build configuration list for PBXProject "LemonStands" */ = {
			isa = XCConfigurationList;
			buildConfigurations = (
				34F902051B4302A3000A7051 /* Debug */,
				34F902061B4302A3000A7051 /* Release */,
			);
			defaultConfigurationIsVisible = 0;
			defaultConfigurationName = Release;
		};
		34F902071B4302A3000A7051 /* Build configuration list for PBXNativeTarget "LemonStands" */ = {
			isa = XCConfigurationList;
			buildConfigurations = (
				34F902081B4302A3000A7051 /* Debug */,
				34F902091B4302A3000A7051 /* Release */,
			);
			defaultConfigurationIsVisible = 0;
		};
		34F9020A1B4302A3000A7051 /* Build configuration list for PBXNativeTarget "LemonStandsTests" */ = {
			isa = XCConfigurationList;
			buildConfigurations = (
				34F9020B1B4302A3000A7051 /* Debug */,
				34F9020C1B4302A3000A7051 /* Release */,
			);
			defaultConfigurationIsVisible = 0;
		};
/* End XCConfigurationList section */
	};
	rootObject = 34F901E01B4302A3000A7051 /* Project object */;
}
